
Microsoft Visual Studio Solution File, Format Version 12.00
# Visual Studio Version 17
VisualStudioVersion = 17.5.33502.453
MinimumVisualStudioVersion = 10.0.40219.1
Project("{FAE04EC0-301F-11D3-BF4B-00C04F79EFBC}") = "TestApp5", "TestApp5.csproj", "{B1041877-F2D5-474E-9341-D73D14B2C834}"
EndProject
Global
	GlobalSection(SolutionConfigurationPlatforms) = preSolution
		Debug|Any CPU = Debug|Any CPU
		Release|Any CPU = Release|Any CPU
	EndGlobalSection
	GlobalSection(ProjectConfigurationPlatforms) = postSolution
		{B1041877-F2D5-474E-9341-D73D14B2C834}.Debug|Any CPU.ActiveCfg = Debug|Any CPU
		{B1041877-F2D5-474E-9341-D73D14B2C834}.Debug|Any CPU.Build.0 = Debug|Any CPU
		{B1041877-F2D5-474E-9341-D73D14B2C834}.Release|Any CPU.ActiveCfg = Release|Any CPU
		{B1041877-F2D5-474E-9341-D73D14B2C834}.Release|Any CPU.Build.0 = Release|Any CPU
	EndGlobalSection
	GlobalSection(SolutionProperties) = preSolution
		HideSolutionNode = FALSE
	EndGlobalSection
	GlobalSection(ExtensibilityGlobals) = postSolution
		SolutionGuid = {E4102658-0239-4493-96D2-4653C901FA5E}
	EndGlobalSection
EndGlobal
